
Microsoft Visual Studio Solution File, Format Version 11.00
# Visual Studio 2010
Project("{8BC9CEB8-8B4A-11D0-8D11-00A0C91BC942}") = "CloneDetector", "CloneDetector\CloneDetector.vcxproj", "{C4F020CB-020A-4511-BB1E-752810A1E99D}"
	ProjectSection(ProjectDependencies) = postProject
		{F3C21C61-426C-48D0-A49E-37DC9ECD3F24} = {F3C21C61-426C-48D0-A49E-37DC9ECD3F24}
		{2798A0D1-1C46-48F7-B69D-B60EEB2BF98F} = {2798A0D1-1C46-48F7-B69D-B60EEB2BF98F}
	EndProjectSection
EndProject
Project("{8BC9CEB8-8B4A-11D0-8D11-00A0C91BC942}") = "BFLib", "..\BFLib\BFLib.vcxproj", "{F3C21C61-426C-48D0-A49E-37DC9ECD3F24}"
EndProject
Project("{8BC9CEB8-8B4A-11D0-8D11-00A0C91BC942}") = "CloneDetectorLib", "CloneDetectorLib\CloneDetectorLib.vcxproj", "{2798A0D1-1C46-48F7-B69D-B60EEB2BF98F}"
	ProjectSection(ProjectDependencies) = postProject
		{F3C21C61-426C-48D0-A49E-37DC9ECD3F24} = {F3C21C61-426C-48D0-A49E-37DC9ECD3F24}
	EndProjectSection
EndProject
Project("{8BC9CEB8-8B4A-11D0-8D11-00A0C91BC942}") = "CloneDetectorGUI", "CloneDetectorGUI\CloneDetectorGUI.vcxproj", "{64A6AE5F-7BFE-4608-BF17-D4747AA6C7BC}"
	ProjectSection(ProjectDependencies) = postProject
		{F3C21C61-426C-48D0-A49E-37DC9ECD3F24} = {F3C21C61-426C-48D0-A49E-37DC9ECD3F24}
		{2798A0D1-1C46-48F7-B69D-B60EEB2BF98F} = {2798A0D1-1C46-48F7-B69D-B60EEB2BF98F}
	EndProjectSection
EndProject
Global
	GlobalSection(SolutionConfigurationPlatforms) = preSolution
		Debug|Win32 = Debug|Win32
		Release|Win32 = Release|Win32
	EndGlobalSection
	GlobalSection(ProjectConfigurationPlatforms) = postSolution
		{C4F020CB-020A-4511-BB1E-752810A1E99D}.Debug|Win32.ActiveCfg = Debug|Win32
		{C4F020CB-020A-4511-BB1E-752810A1E99D}.Debug|Win32.Build.0 = Debug|Win32
		{C4F020CB-020A-4511-BB1E-752810A1E99D}.Release|Win32.ActiveCfg = Release|Win32
		{C4F020CB-020A-4511-BB1E-752810A1E99D}.Release|Win32.Build.0 = Release|Win32
		{F3C21C61-426C-48D0-A49E-37DC9ECD3F24}.Debug|Win32.ActiveCfg = Debug|Win32
		{F3C21C61-426C-48D0-A49E-37DC9ECD3F24}.Debug|Win32.Build.0 = Debug|Win32
		{F3C21C61-426C-48D0-A49E-37DC9ECD3F24}.Release|Win32.ActiveCfg = Release|Win32
		{F3C21C61-426C-48D0-A49E-37DC9ECD3F24}.Release|Win32.Build.0 = Release|Win32
		{2798A0D1-1C46-48F7-B69D-B60EEB2BF98F}.Debug|Win32.ActiveCfg = Debug|Win32
		{2798A0D1-1C46-48F7-B69D-B60EEB2BF98F}.Debug|Win32.Build.0 = Debug|Win32
		{2798A0D1-1C46-48F7-B69D-B60EEB2BF98F}.Release|Win32.ActiveCfg = Release|Win32
		{2798A0D1-1C46-48F7-B69D-B60EEB2BF98F}.Release|Win32.Build.0 = Release|Win32
		{64A6AE5F-7BFE-4608-BF17-D4747AA6C7BC}.Debug|Win32.ActiveCfg = Debug|Win32
		{64A6AE5F-7BFE-4608-BF17-D4747AA6C7BC}.Debug|Win32.Build.0 = Debug|Win32
		{64A6AE5F-7BFE-4608-BF17-D4747AA6C7BC}.Release|Win32.ActiveCfg = Release|Win32
		{64A6AE5F-7BFE-4608-BF17-D4747AA6C7BC}.Release|Win32.Build.0 = Release|Win32
	EndGlobalSection
	GlobalSection(SolutionProperties) = preSolution
		HideSolutionNode = FALSE
	EndGlobalSection
EndGlobal
