
Microsoft Visual Studio Solution File, Format Version 11.00
# Visual Studio 2010
Project("{8BC9CEB8-8B4A-11D0-8D11-00A0C91BC942}") = "CloneSearcherLib", "CloneSearcherLib\CloneSearcherLib.vcxproj", "{5077EC5B-8907-45B2-84C1-9A6A2C6A04DA}"
	ProjectSection(ProjectDependencies) = postProject
		{F3C21C61-426C-48D0-A49E-37DC9ECD3F24} = {F3C21C61-426C-48D0-A49E-37DC9ECD3F24}
	EndProjectSection
EndProject
Project("{8BC9CEB8-8B4A-11D0-8D11-00A0C91BC942}") = "BFLib", "..\BFLib\BFLib.vcxproj", "{F3C21C61-426C-48D0-A49E-37DC9ECD3F24}"
EndProject
Project("{8BC9CEB8-8B4A-11D0-8D11-00A0C91BC942}") = "AssemblyToDB", "AssemblyToDB\AssemblyToDB.vcxproj", "{A8BF91E0-B0FD-4318-AD5C-246AE385FF83}"
	ProjectSection(ProjectDependencies) = postProject
		{5077EC5B-8907-45B2-84C1-9A6A2C6A04DA} = {5077EC5B-8907-45B2-84C1-9A6A2C6A04DA}
		{F3C21C61-426C-48D0-A49E-37DC9ECD3F24} = {F3C21C61-426C-48D0-A49E-37DC9ECD3F24}
	EndProjectSection
EndProject
Project("{8BC9CEB8-8B4A-11D0-8D11-00A0C91BC942}") = "FindClones", "FindClones\FindClones.vcxproj", "{769A0B00-E687-424C-ACF4-A33EEFBD1787}"
	ProjectSection(ProjectDependencies) = postProject
		{5077EC5B-8907-45B2-84C1-9A6A2C6A04DA} = {5077EC5B-8907-45B2-84C1-9A6A2C6A04DA}
		{F3C21C61-426C-48D0-A49E-37DC9ECD3F24} = {F3C21C61-426C-48D0-A49E-37DC9ECD3F24}
	EndProjectSection
EndProject
Project("{8BC9CEB8-8B4A-11D0-8D11-00A0C91BC942}") = "CloneDetectorGUI", "CloneDetectorGUI\CloneDetectorGUI.vcxproj", "{64A6AE5F-7BFE-4608-BF17-D4747AA6C7BC}"
	ProjectSection(ProjectDependencies) = postProject
		{5077EC5B-8907-45B2-84C1-9A6A2C6A04DA} = {5077EC5B-8907-45B2-84C1-9A6A2C6A04DA}
		{F3C21C61-426C-48D0-A49E-37DC9ECD3F24} = {F3C21C61-426C-48D0-A49E-37DC9ECD3F24}
	EndProjectSection
EndProject
Global
	GlobalSection(SolutionConfigurationPlatforms) = preSolution
		Debug|Win32 = Debug|Win32
		Release|Win32 = Release|Win32
	EndGlobalSection
	GlobalSection(ProjectConfigurationPlatforms) = postSolution
		{5077EC5B-8907-45B2-84C1-9A6A2C6A04DA}.Debug|Win32.ActiveCfg = Debug|Win32
		{5077EC5B-8907-45B2-84C1-9A6A2C6A04DA}.Debug|Win32.Build.0 = Debug|Win32
		{5077EC5B-8907-45B2-84C1-9A6A2C6A04DA}.Release|Win32.ActiveCfg = Release|Win32
		{5077EC5B-8907-45B2-84C1-9A6A2C6A04DA}.Release|Win32.Build.0 = Release|Win32
		{F3C21C61-426C-48D0-A49E-37DC9ECD3F24}.Debug|Win32.ActiveCfg = Debug|Win32
		{F3C21C61-426C-48D0-A49E-37DC9ECD3F24}.Debug|Win32.Build.0 = Debug|Win32
		{F3C21C61-426C-48D0-A49E-37DC9ECD3F24}.Release|Win32.ActiveCfg = Release|Win32
		{F3C21C61-426C-48D0-A49E-37DC9ECD3F24}.Release|Win32.Build.0 = Release|Win32
		{A8BF91E0-B0FD-4318-AD5C-246AE385FF83}.Debug|Win32.ActiveCfg = Debug|Win32
		{A8BF91E0-B0FD-4318-AD5C-246AE385FF83}.Debug|Win32.Build.0 = Debug|Win32
		{A8BF91E0-B0FD-4318-AD5C-246AE385FF83}.Release|Win32.ActiveCfg = Release|Win32
		{A8BF91E0-B0FD-4318-AD5C-246AE385FF83}.Release|Win32.Build.0 = Release|Win32
		{769A0B00-E687-424C-ACF4-A33EEFBD1787}.Debug|Win32.ActiveCfg = Debug|Win32
		{769A0B00-E687-424C-ACF4-A33EEFBD1787}.Debug|Win32.Build.0 = Debug|Win32
		{769A0B00-E687-424C-ACF4-A33EEFBD1787}.Release|Win32.ActiveCfg = Release|Win32
		{769A0B00-E687-424C-ACF4-A33EEFBD1787}.Release|Win32.Build.0 = Release|Win32
		{64A6AE5F-7BFE-4608-BF17-D4747AA6C7BC}.Debug|Win32.ActiveCfg = Debug|Win32
		{64A6AE5F-7BFE-4608-BF17-D4747AA6C7BC}.Debug|Win32.Build.0 = Debug|Win32
		{64A6AE5F-7BFE-4608-BF17-D4747AA6C7BC}.Release|Win32.ActiveCfg = Release|Win32
		{64A6AE5F-7BFE-4608-BF17-D4747AA6C7BC}.Release|Win32.Build.0 = Release|Win32
	EndGlobalSection
	GlobalSection(SolutionProperties) = preSolution
		HideSolutionNode = FALSE
	EndGlobalSection
EndGlobal
