<?xml version="1.0" encoding="utf-8"?>
<Project ToolsVersion="4.0" xmlns="http://schemas.microsoft.com/developer/msbuild/2003">
  <ItemGroup>
    <Filter Include="Source Files">
      <UniqueIdentifier>{4FC737F1-C7A5-4376-A066-2A32D752A2FF}</UniqueIdentifier>
      <Extensions>cpp;c;cc;cxx;def;odl;idl;hpj;bat;asm;asmx</Extensions>
    </Filter>
    <Filter Include="Header Files">
      <UniqueIdentifier>{93995380-89BD-4b04-88EB-625FBE52EBFB}</UniqueIdentifier>
      <Extensions>h;hpp;hxx;hm;inl;inc;xsd</Extensions>
    </Filter>
    <Filter Include="Resource Files">
      <UniqueIdentifier>{67DA6AB6-F800-4c08-8B7A-83BB121AAD01}</UniqueIdentifier>
      <Extensions>rc;ico;cur;bmp;dlg;rc2;rct;bin;rgs;gif;jpg;jpeg;jpe;resx;tiff;tif;png;wav;mfcribbon-ms</Extensions>
    </Filter>
  </ItemGroup>
  <ItemGroup>
    <ClInclude Include="Stdafx.h">
      <Filter>Header Files</Filter>
    </ClInclude>
    <ClInclude Include="resource.h">
      <Filter>Header Files</Filter>
    </ClInclude>
    <ClInclude Include="CDAssemblyFile.h">
      <Filter>Header Files</Filter>
    </ClInclude>
    <ClInclude Include="CDAssemblyFileMgr.h">
      <Filter>Header Files</Filter>
    </ClInclude>
    <ClInclude Include="CDAssemblyFunction.h">
      <Filter>Header Files</Filter>
    </ClInclude>
    <ClInclude Include="CDAssemblyLine.h">
      <Filter>Header Files</Filter>
    </ClInclude>
    <ClInclude Include="CDAssemblyToken.h">
      <Filter>Header Files</Filter>
    </ClInclude>
    <ClInclude Include="CDCloneCluster.h">
      <Filter>Header Files</Filter>
    </ClInclude>
    <ClInclude Include="CDCloneMgr.h">
      <Filter>Header Files</Filter>
    </ClInclude>
    <ClInclude Include="CDClonePair.h">
      <Filter>Header Files</Filter>
    </ClInclude>
    <ClInclude Include="CDController.h">
      <Filter>Header Files</Filter>
    </ClInclude>
    <ClInclude Include="CDDef.hpp">
      <Filter>Header Files</Filter>
    </ClInclude>
    <ClInclude Include="CDFeatureVector.h">
      <Filter>Header Files</Filter>
    </ClInclude>
    <ClInclude Include="CDOutputMgr.h">
      <Filter>Header Files</Filter>
    </ClInclude>
    <ClInclude Include="CDRegion.h">
      <Filter>Header Files</Filter>
    </ClInclude>
    <ClInclude Include="CDRegionMgr.h">
      <Filter>Header Files</Filter>
    </ClInclude>
    <ClInclude Include="CDTokenReference.h">
      <Filter>Header Files</Filter>
    </ClInclude>
    <ClInclude Include="CDTokenRefMgr.h">
      <Filter>Header Files</Filter>
    </ClInclude>
  </ItemGroup>
  <ItemGroup>
    <ClCompile Include="Stdafx.cpp">
      <Filter>Source Files</Filter>
    </ClCompile>
    <ClCompile Include="CDAssemblyFile.cpp">
      <Filter>Source Files</Filter>
    </ClCompile>
    <ClCompile Include="CDAssemblyFileMgr.cpp">
      <Filter>Source Files</Filter>
    </ClCompile>
    <ClCompile Include="CDAssemblyFunction.cpp">
      <Filter>Source Files</Filter>
    </ClCompile>
    <ClCompile Include="CDAssemblyLine.cpp">
      <Filter>Source Files</Filter>
    </ClCompile>
    <ClCompile Include="CDAssemblyToken.cpp">
      <Filter>Source Files</Filter>
    </ClCompile>
    <ClCompile Include="CDCloneCluster.cpp">
      <Filter>Source Files</Filter>
    </ClCompile>
    <ClCompile Include="CDCloneMgr.cpp">
      <Filter>Source Files</Filter>
    </ClCompile>
    <ClCompile Include="CDClonePair.cpp">
      <Filter>Source Files</Filter>
    </ClCompile>
    <ClCompile Include="CDController.cpp">
      <Filter>Source Files</Filter>
    </ClCompile>
    <ClCompile Include="CDFeatureVector.cpp">
      <Filter>Source Files</Filter>
    </ClCompile>
    <ClCompile Include="CDOutputMgr.cpp">
      <Filter>Source Files</Filter>
    </ClCompile>
    <ClCompile Include="CDRegion.cpp">
      <Filter>Source Files</Filter>
    </ClCompile>
    <ClCompile Include="CDRegionMgr.cpp">
      <Filter>Source Files</Filter>
    </ClCompile>
    <ClCompile Include="CDTokenReference.cpp">
      <Filter>Source Files</Filter>
    </ClCompile>
    <ClCompile Include="CDTokenRefMgr.cpp">
      <Filter>Source Files</Filter>
    </ClCompile>
  </ItemGroup>
  <ItemGroup>
    <None Include="ReadMe.txt" />
    <None Include="app.ico">
      <Filter>Resource Files</Filter>
    </None>
  </ItemGroup>
  <ItemGroup>
    <ResourceCompile Include="app.rc">
      <Filter>Resource Files</Filter>
    </ResourceCompile>
  </ItemGroup>
</Project>