<?xml version="1.0" encoding="utf-8"?>
<Project ToolsVersion="4.0" xmlns="http://schemas.microsoft.com/developer/msbuild/2003">
  <ItemGroup>
    <ClCompile Include="src\BFDateHelper.cpp">
      <Filter>Source Files</Filter>
    </ClCompile>
    <ClCompile Include="src\BFFileHelper.cpp">
      <Filter>Source Files</Filter>
    </ClCompile>
    <ClCompile Include="src\BFMath.cpp">
      <Filter>Source Files</Filter>
    </ClCompile>
    <ClCompile Include="src\BFNetwork.cpp">
      <Filter>Source Files</Filter>
    </ClCompile>
    <ClCompile Include="src\BFPch.cpp">
      <Filter>Source Files</Filter>
    </ClCompile>
    <ClCompile Include="src\BFStrHelper.cpp">
      <Filter>Source Files</Filter>
    </ClCompile>
    <ClCompile Include="src\BFStrPser.cpp">
      <Filter>Source Files</Filter>
    </ClCompile>
    <ClCompile Include="src\BFXmlPser.cpp">
      <Filter>Source Files</Filter>
    </ClCompile>
  </ItemGroup>
  <ItemGroup>
    <ClInclude Include="include\BFDateHelper.h">
      <Filter>Header Files</Filter>
    </ClInclude>
    <ClInclude Include="include\types.hpp">
      <Filter>Header Files</Filter>
    </ClInclude>
    <ClInclude Include="include\BFFileHelper.h">
      <Filter>Header Files</Filter>
    </ClInclude>
    <ClInclude Include="include\BFMath.h">
      <Filter>Header Files</Filter>
    </ClInclude>
    <ClInclude Include="include\BFMultiDimAry.h">
      <Filter>Header Files</Filter>
    </ClInclude>
    <ClInclude Include="include\BFNetwork.h">
      <Filter>Header Files</Filter>
    </ClInclude>
    <ClInclude Include="include\BFPch.h">
      <Filter>Header Files</Filter>
    </ClInclude>
    <ClInclude Include="include\BFStrHelper.h">
      <Filter>Header Files</Filter>
    </ClInclude>
    <ClInclude Include="include\BFStrPser.h">
      <Filter>Header Files</Filter>
    </ClInclude>
    <ClInclude Include="include\BFXmlPser.h">
      <Filter>Header Files</Filter>
    </ClInclude>
  </ItemGroup>
  <ItemGroup>
    <Filter Include="Source Files">
      <UniqueIdentifier>{4fb030a8-b50d-4de6-b0f1-cdc3b5e59bb8}</UniqueIdentifier>
      <Extensions>cpp;c;cxx;rc;def;r;odl;idl;hpj;bat</Extensions>
    </Filter>
    <Filter Include="Header Files">
      <UniqueIdentifier>{a5938c64-b852-44df-8e52-a1bb9bd99d6d}</UniqueIdentifier>
      <Extensions>h;hpp;hxx;hm;inl</Extensions>
    </Filter>
  </ItemGroup>
</Project>