<?xml version="1.0" encoding="utf-8"?>
<Project ToolsVersion="4.0" xmlns="http://schemas.microsoft.com/developer/msbuild/2003">
  <ItemGroup>
    <Filter Include="Source Files">
      <UniqueIdentifier>{4FC737F1-C7A5-4376-A066-2A32D752A2FF}</UniqueIdentifier>
      <Extensions>cpp;c;cc;cxx;def;odl;idl;hpj;bat;asm;asmx</Extensions>
    </Filter>
    <Filter Include="Header Files">
      <UniqueIdentifier>{93995380-89BD-4b04-88EB-625FBE52EBFB}</UniqueIdentifier>
      <Extensions>h;hpp;hxx;hm;inl;inc;xsd</Extensions>
    </Filter>
    <Filter Include="Resource Files">
      <UniqueIdentifier>{67DA6AB6-F800-4c08-8B7A-83BB121AAD01}</UniqueIdentifier>
      <Extensions>rc;ico;cur;bmp;dlg;rc2;rct;bin;rgs;gif;jpg;jpeg;jpe;resx;tiff;tif;png;wav;mfcribbon-ms</Extensions>
    </Filter>
  </ItemGroup>
  <ItemGroup>
    <None Include="ReadMe.txt" />
  </ItemGroup>
  <ItemGroup>
    <ClInclude Include="stdafx.h">
      <Filter>Header Files</Filter>
    </ClInclude>
    <ClInclude Include="targetver.h">
      <Filter>Header Files</Filter>
    </ClInclude>
    <ClInclude Include="CSController.h">
      <Filter>Header Files</Filter>
    </ClInclude>
    <ClInclude Include="CSDatabaseMgr.h">
      <Filter>Header Files</Filter>
    </ClInclude>
    <ClInclude Include="CSDef.hpp">
      <Filter>Header Files</Filter>
    </ClInclude>
    <ClInclude Include="CSAssemblyFileMgr.h">
      <Filter>Header Files</Filter>
    </ClInclude>
    <ClInclude Include="CSTokenRefMgr.h">
      <Filter>Header Files</Filter>
    </ClInclude>
    <ClInclude Include="CSAssemblyFile.h">
      <Filter>Header Files</Filter>
    </ClInclude>
    <ClInclude Include="CSAssemblyFunction.h">
      <Filter>Header Files</Filter>
    </ClInclude>
    <ClInclude Include="CSAssemblyLine.h">
      <Filter>Header Files</Filter>
    </ClInclude>
    <ClInclude Include="CSRegion.h">
      <Filter>Header Files</Filter>
    </ClInclude>
    <ClInclude Include="CSParam.h">
      <Filter>Header Files</Filter>
    </ClInclude>
    <ClInclude Include="CSAssemblyToken.h">
      <Filter>Header Files</Filter>
    </ClInclude>
    <ClInclude Include="CSFeatureVector.h">
      <Filter>Header Files</Filter>
    </ClInclude>
    <ClInclude Include="CSIndexedToken.h">
      <Filter>Header Files</Filter>
    </ClInclude>
    <ClInclude Include="CSClone.h">
      <Filter>Header Files</Filter>
    </ClInclude>
  </ItemGroup>
  <ItemGroup>
    <ClCompile Include="stdafx.cpp">
      <Filter>Source Files</Filter>
    </ClCompile>
    <ClCompile Include="CSController.cpp">
      <Filter>Source Files</Filter>
    </ClCompile>
    <ClCompile Include="CSDatabaseMgr.cpp">
      <Filter>Source Files</Filter>
    </ClCompile>
    <ClCompile Include="CSAssemblyFileMgr.cpp">
      <Filter>Source Files</Filter>
    </ClCompile>
    <ClCompile Include="CSTokenRefMgr.cpp">
      <Filter>Source Files</Filter>
    </ClCompile>
    <ClCompile Include="CSAssemblyFile.cpp">
      <Filter>Source Files</Filter>
    </ClCompile>
    <ClCompile Include="CSAssemblyFunction.cpp">
      <Filter>Source Files</Filter>
    </ClCompile>
    <ClCompile Include="CSAssemblyLine.cpp">
      <Filter>Source Files</Filter>
    </ClCompile>
    <ClCompile Include="CSRegion.cpp">
      <Filter>Source Files</Filter>
    </ClCompile>
    <ClCompile Include="CSParam.cpp">
      <Filter>Source Files</Filter>
    </ClCompile>
    <ClCompile Include="CSAssemblyToken.cpp">
      <Filter>Source Files</Filter>
    </ClCompile>
    <ClCompile Include="CSFeatureVector.cpp">
      <Filter>Source Files</Filter>
    </ClCompile>
    <ClCompile Include="CSIndexedToken.cpp">
      <Filter>Source Files</Filter>
    </ClCompile>
    <ClCompile Include="CSClone.cpp">
      <Filter>Source Files</Filter>
    </ClCompile>
  </ItemGroup>
</Project>